{
  "version": 4,
  "terraform_version": "1.10.5",
  "serial": 3,
  "lineage": "1c2f07e9-7955-5cb4-c9e1-b7179f2a100c",
  "outputs": {
    "subnetop": {
      "value": {
        "arn": "arn:aws:ec2:ap-northeast-1:654654396908:subnet/subnet-054c98cf1b7764e81",
        "assign_ipv6_address_on_creation": false,
        "availability_zone": "ap-northeast-1a",
        "availability_zone_id": "apne1-az4",
        "cidr_block": "10.0.1.0/24",
        "customer_owned_ipv4_pool": "",
        "enable_dns64": false,
        "enable_lni_at_device_index": 0,
        "enable_resource_name_dns_a_record_on_launch": false,
        "enable_resource_name_dns_aaaa_record_on_launch": false,
        "id": "subnet-054c98cf1b7764e81",
        "ipv6_cidr_block": "",
        "ipv6_cidr_block_association_id": "",
        "ipv6_native": false,
        "map_customer_owned_ip_on_launch": false,
        "map_public_ip_on_launch": false,
        "outpost_arn": "",
        "owner_id": "654654396908",
        "private_dns_hostname_type_on_launch": "ip-name",
        "tags": {
          "Name": "qlite-dev-xu-subnet-pub1a"
        },
        "tags_all": {
          "Name": "qlite-dev-xu-subnet-pub1a"
        },
        "timeouts": null,
        "vpc_id": "vpc-0f959fd0255355f5f"
      },
      "type": [
        "object",
        {
          "arn": "string",
          "assign_ipv6_address_on_creation": "bool",
          "availability_zone": "string",
          "availability_zone_id": "string",
          "cidr_block": "string",
          "customer_owned_ipv4_pool": "string",
          "enable_dns64": "bool",
          "enable_lni_at_device_index": "number",
          "enable_resource_name_dns_a_record_on_launch": "bool",
          "enable_resource_name_dns_aaaa_record_on_launch": "bool",
          "id": "string",
          "ipv6_cidr_block": "string",
          "ipv6_cidr_block_association_id": "string",
          "ipv6_native": "bool",
          "map_customer_owned_ip_on_launch": "bool",
          "map_public_ip_on_launch": "bool",
          "outpost_arn": "string",
          "owner_id": "string",
          "private_dns_hostname_type_on_launch": "string",
          "tags": [
            "map",
            "string"
          ],
          "tags_all": [
            "map",
            "string"
          ],
          "timeouts": [
            "object",
            {
              "create": "string",
              "delete": "string"
            }
          ],
          "vpc_id": "string"
        }
      ]
    },
    "vpcop": {
      "value": {
        "arn": "arn:aws:ec2:ap-northeast-1:654654396908:vpc/vpc-0f959fd0255355f5f",
        "assign_generated_ipv6_cidr_block": false,
        "cidr_block": "10.0.0.0/16",
        "default_network_acl_id": "acl-0730bcc790cfb3c0b",
        "default_route_table_id": "rtb-028979a9883bf5b26",
        "default_security_group_id": "sg-0aad271b06c65d195",
        "dhcp_options_id": "dopt-0f72fb0ec1f54d36b",
        "enable_classiclink": false,
        "enable_classiclink_dns_support": false,
        "enable_dns_hostnames": false,
        "enable_dns_support": true,
        "enable_network_address_usage_metrics": false,
        "id": "vpc-0f959fd0255355f5f",
        "instance_tenancy": "default",
        "ipv4_ipam_pool_id": null,
        "ipv4_netmask_length": null,
        "ipv6_association_id": "",
        "ipv6_cidr_block": "",
        "ipv6_cidr_block_network_border_group": "",
        "ipv6_ipam_pool_id": "",
        "ipv6_netmask_length": 0,
        "main_route_table_id": "rtb-028979a9883bf5b26",
        "owner_id": "654654396908",
        "tags": {
          "Name": "qlite-dev-xu-vpc"
        },
        "tags_all": {
          "Name": "qlite-dev-xu-vpc"
        }
      },
      "type": [
        "object",
        {
          "arn": "string",
          "assign_generated_ipv6_cidr_block": "bool",
          "cidr_block": "string",
          "default_network_acl_id": "string",
          "default_route_table_id": "string",
          "default_security_group_id": "string",
          "dhcp_options_id": "string",
          "enable_classiclink": "bool",
          "enable_classiclink_dns_support": "bool",
          "enable_dns_hostnames": "bool",
          "enable_dns_support": "bool",
          "enable_network_address_usage_metrics": "bool",
          "id": "string",
          "instance_tenancy": "string",
          "ipv4_ipam_pool_id": "string",
          "ipv4_netmask_length": "number",
          "ipv6_association_id": "string",
          "ipv6_cidr_block": "string",
          "ipv6_cidr_block_network_border_group": "string",
          "ipv6_ipam_pool_id": "string",
          "ipv6_netmask_length": "number",
          "main_route_table_id": "string",
          "owner_id": "string",
          "tags": [
            "map",
            "string"
          ],
          "tags_all": [
            "map",
            "string"
          ]
        }
      ]
    }
  },
  "resources": [
    {
      "mode": "managed",
      "type": "aws_subnet",
      "name": "public_subnet_1a",
      "provider": "provider[\"registry.terraform.io/hashicorp/aws\"]",
      "instances": [
        {
          "schema_version": 1,
          "attributes": {
            "arn": "arn:aws:ec2:ap-northeast-1:654654396908:subnet/subnet-054c98cf1b7764e81",
            "assign_ipv6_address_on_creation": false,
            "availability_zone": "ap-northeast-1a",
            "availability_zone_id": "apne1-az4",
            "cidr_block": "10.0.1.0/24",
            "customer_owned_ipv4_pool": "",
            "enable_dns64": false,
            "enable_lni_at_device_index": 0,
            "enable_resource_name_dns_a_record_on_launch": false,
            "enable_resource_name_dns_aaaa_record_on_launch": false,
            "id": "subnet-054c98cf1b7764e81",
            "ipv6_cidr_block": "",
            "ipv6_cidr_block_association_id": "",
            "ipv6_native": false,
            "map_customer_owned_ip_on_launch": false,
            "map_public_ip_on_launch": false,
            "outpost_arn": "",
            "owner_id": "654654396908",
            "private_dns_hostname_type_on_launch": "ip-name",
            "tags": {
              "Name": "qlite-dev-xu-subnet-pub1a"
            },
            "tags_all": {
              "Name": "qlite-dev-xu-subnet-pub1a"
            },
            "timeouts": null,
            "vpc_id": "vpc-0f959fd0255355f5f"
          },
          "sensitive_attributes": [],
          "private": "eyJlMmJmYjczMC1lY2FhLTExZTYtOGY4OC0zNDM2M2JjN2M0YzAiOnsiY3JlYXRlIjo2MDAwMDAwMDAwMDAsImRlbGV0ZSI6MTIwMDAwMDAwMDAwMH0sInNjaGVtYV92ZXJzaW9uIjoiMSJ9",
          "dependencies": [
            "aws_vpc.vpc"
          ]
        }
      ]
    },
    {
      "mode": "managed",
      "type": "aws_vpc",
      "name": "vpc",
      "provider": "provider[\"registry.terraform.io/hashicorp/aws\"]",
      "instances": [
        {
          "schema_version": 1,
          "attributes": {
            "arn": "arn:aws:ec2:ap-northeast-1:654654396908:vpc/vpc-0f959fd0255355f5f",
            "assign_generated_ipv6_cidr_block": false,
            "cidr_block": "10.0.0.0/16",
            "default_network_acl_id": "acl-0730bcc790cfb3c0b",
            "default_route_table_id": "rtb-028979a9883bf5b26",
            "default_security_group_id": "sg-0aad271b06c65d195",
            "dhcp_options_id": "dopt-0f72fb0ec1f54d36b",
            "enable_classiclink": false,
            "enable_classiclink_dns_support": false,
            "enable_dns_hostnames": false,
            "enable_dns_support": true,
            "enable_network_address_usage_metrics": false,
            "id": "vpc-0f959fd0255355f5f",
            "instance_tenancy": "default",
            "ipv4_ipam_pool_id": null,
            "ipv4_netmask_length": null,
            "ipv6_association_id": "",
            "ipv6_cidr_block": "",
            "ipv6_cidr_block_network_border_group": "",
            "ipv6_ipam_pool_id": "",
            "ipv6_netmask_length": 0,
            "main_route_table_id": "rtb-028979a9883bf5b26",
            "owner_id": "654654396908",
            "tags": {
              "Name": "qlite-dev-xu-vpc"
            },
            "tags_all": {
              "Name": "qlite-dev-xu-vpc"
            }
          },
          "sensitive_attributes": [],
          "private": "eyJzY2hlbWFfdmVyc2lvbiI6IjEifQ=="
        }
      ]
    }
  ],
  "check_results": null
}
